
Microsoft Visual Studio Solution File, Format Version 12.00
# Visual Studio Version 17
VisualStudioVersion = 17.7.34221.43
MinimumVisualStudioVersion = 10.0.40219.1
Project("{9A19103F-16F7-4668-BE54-9A1E7A4F7556}") = "IdentityRabbitMQWeb", "IdentityRabbitMQWeb\IdentityRabbitMQWeb.csproj", "{D1A2223A-81BC-4BB8-8448-563CFB794CBA}"
EndProject
Project("{FAE04EC0-301F-11D3-BF4B-00C04F79EFBC}") = "Shared", "Shared\Shared.csproj", "{7455DC55-CB64-4025-A265-63C6F7FDF079}"
EndProject
Global
	GlobalSection(SolutionConfigurationPlatforms) = preSolution
		Debug|Any CPU = Debug|Any CPU
		Release|Any CPU = Release|Any CPU
	EndGlobalSection
	GlobalSection(ProjectConfigurationPlatforms) = postSolution
		{D1A2223A-81BC-4BB8-8448-563CFB794CBA}.Debug|Any CPU.ActiveCfg = Debug|Any CPU
		{D1A2223A-81BC-4BB8-8448-563CFB794CBA}.Debug|Any CPU.Build.0 = Debug|Any CPU
		{D1A2223A-81BC-4BB8-8448-563CFB794CBA}.Release|Any CPU.ActiveCfg = Release|Any CPU
		{D1A2223A-81BC-4BB8-8448-563CFB794CBA}.Release|Any CPU.Build.0 = Release|Any CPU
		{7455DC55-CB64-4025-A265-63C6F7FDF079}.Debug|Any CPU.ActiveCfg = Debug|Any CPU
		{7455DC55-CB64-4025-A265-63C6F7FDF079}.Debug|Any CPU.Build.0 = Debug|Any CPU
		{7455DC55-CB64-4025-A265-63C6F7FDF079}.Release|Any CPU.ActiveCfg = Release|Any CPU
		{7455DC55-CB64-4025-A265-63C6F7FDF079}.Release|Any CPU.Build.0 = Release|Any CPU
	EndGlobalSection
	GlobalSection(SolutionProperties) = preSolution
		HideSolutionNode = FALSE
	EndGlobalSection
	GlobalSection(ExtensibilityGlobals) = postSolution
		SolutionGuid = {54B31E72-D694-4B9F-B86A-4F45A727CDCF}
	EndGlobalSection
EndGlobal
